
Microsoft Visual Studio Solution File, Format Version 12.00
# Visual Studio Version 16
VisualStudioVersion = 16.0.31424.327
MinimumVisualStudioVersion = 10.0.40219.1
Project("{FAE04EC0-301F-11D3-BF4B-00C04F79EFBC}") = "newPrideMore", "newPrideMore\newPrideMore.csproj", "{1AF329DE-D54D-48A6-91F1-C4BC0C87BE57}"
EndProject
Global
	GlobalSection(SolutionConfigurationPlatforms) = preSolution
		Debug|Any CPU = Debug|Any CPU
		Release|Any CPU = Release|Any CPU
	EndGlobalSection
	GlobalSection(ProjectConfigurationPlatforms) = postSolution
		{1AF329DE-D54D-48A6-91F1-C4BC0C87BE57}.Debug|Any CPU.ActiveCfg = Debug|Any CPU
		{1AF329DE-D54D-48A6-91F1-C4BC0C87BE57}.Debug|Any CPU.Build.0 = Debug|Any CPU
		{1AF329DE-D54D-48A6-91F1-C4BC0C87BE57}.Release|Any CPU.ActiveCfg = Release|Any CPU
		{1AF329DE-D54D-48A6-91F1-C4BC0C87BE57}.Release|Any CPU.Build.0 = Release|Any CPU
	EndGlobalSection
	GlobalSection(SolutionProperties) = preSolution
		HideSolutionNode = FALSE
	EndGlobalSection
	GlobalSection(ExtensibilityGlobals) = postSolution
		SolutionGuid = {C03F7B02-3566-4CAC-A882-7699129EB98E}
	EndGlobalSection
EndGlobal
